{
    "_meta": {
        "hash": {
            "sha256": "030558c3808493d11ea82586eb853a3b681ec16a383cd0ea09f0d9214dde5e2f"
        },
        "pipfile-spec": 6,
        "requires": {
            "python_version": "3.7"
        },
        "sources": [
            {
                "name": "pypi",
                "url": "https://pypi.python.org/simple",
                "verify_ssl": true
            }
        ]
    },
    "default": {
        "aiokafka": {
            "hashes": [
                "sha256:b11e2284b09cdc59f78b830b5b0344707a673d36a7eb3b7824e537773df30ab4"
            ],
            "index": "pypi",
            "version": "==0.5.2"
        },
        "kafka-python": {
            "hashes": [
                "sha256:08f83d8e0af2e64d25f94314d4bef6785b34e3b0df0effe9eebf76b98de66eeb",
                "sha256:3f55bb3e125764a37da550e9fa3d10a85fa09f8af8f8a40f223d2ec8486c2a5b"
            ],
            "version": "==1.4.6"
        }
    },
    "develop": {}
}
